<Solution>
  <Folder Name="/src/">
    <Project Path="src/ModderLords.App/ModderLords.App.csproj" />
    <Project Path="src/ModderLords.Cli/ModderLords.Cli.csproj" />
    <Project Path="src/ModderLords.Compat/ModderLords.Compat.csproj" />
    <Project Path="src/ModderLords.CompatSync.Coop/ModderLords.CompatSync.Coop.csproj" />
    <Project Path="src/ModderLords.CompatSync/ModderLords.CompatSync.csproj" />
    <Project Path="src/ModderLords.Core/ModderLords.Core.csproj" />
    <Project Path="src/ModderLords.Hook/ModderLords.Hook.csproj" />
  </Folder>
  <Folder Name="/tests/">
    <Project Path="tests/ModderLords.Core.Tests/ModderLords.Core.Tests.csproj" />
  </Folder>
</Solution>
