<Solution>
  <Folder Name="/src/">
    <Project Path="src/ModularCoop.App/ModularCoop.App.csproj" />
    <Project Path="src/ModularCoop.Cli/ModularCoop.Cli.csproj" />
    <Project Path="src/ModularCoop.Compat/ModularCoop.Compat.csproj" />
    <Project Path="src/ModularCoop.CompatSync/ModularCoop.CompatSync.csproj" />
    <Project Path="src/ModularCoop.Core/ModularCoop.Core.csproj" />
    <Project Path="src/ModularCoop.Hook/ModularCoop.Hook.csproj" />
  </Folder>
  <Folder Name="/tests/">
    <Project Path="tests/ModularCoop.Core.Tests/ModularCoop.Core.Tests.csproj" />
  </Folder>
</Solution>
